// !$*UTF8*$!
{
	archiveVersion = 1;
	classes = {
	};
	objectVersion = 46;
	objects = {

/* Begin PBXBuildFile section */
		1D60589F0D05DD5A006BFB54 /* Foundation.framework in Frameworks */ = {isa = PBXBuildFile; fileRef = 1D30AB110D05D00D00671497 /* Foundation.framework */; };
		1DF5F4E00D08C38300B7A737 /* UIKit.framework in Frameworks */ = {isa = PBXBuildFile; fileRef = 1DF5F4DF0D08C38300B7A737 /* UIKit.framework */; };
		1E4146BB8C923CA52DB7FFF8 /* libcocos2d iOS.a in Frameworks */ = {isa = PBXBuildFile; fileRef = 36C64C27B51AFFE8FF5464D4 /* libcocos2d iOS.a */; };
		1F4373261B0DB90300A7FD8D /* LoadingScene.cpp in Sources */ = {isa = PBXBuildFile; fileRef = 1F4373241B0DB90300A7FD8D /* LoadingScene.cpp */; };
		1F4373291B0DBB9400A7FD8D /* BaseScene.cpp in Sources */ = {isa = PBXBuildFile; fileRef = 1F4373271B0DBB9400A7FD8D /* BaseScene.cpp */; };
		1F43732C1B0DD7C600A7FD8D /* VideoScene.cpp in Sources */ = {isa = PBXBuildFile; fileRef = 1F43732A1B0DD7C600A7FD8D /* VideoScene.cpp */; };
		1F4373351B0DDCD100A7FD8D /* MediaPlayer.framework in Frameworks */ = {isa = PBXBuildFile; fileRef = 1F4373341B0DDCD100A7FD8D /* MediaPlayer.framework */; };
		1F5CAFA61AEDE503000D3656 /* Drama.cpp in Sources */ = {isa = PBXBuildFile; fileRef = 1F5CAFA41AEDE503000D3656 /* Drama.cpp */; };
		1F5CAFA91AEDE515000D3656 /* Curtain.cpp in Sources */ = {isa = PBXBuildFile; fileRef = 1F5CAFA71AEDE515000D3656 /* Curtain.cpp */; };
		1F5CAFAC1AEDE527000D3656 /* Paragraph.cpp in Sources */ = {isa = PBXBuildFile; fileRef = 1F5CAFAA1AEDE527000D3656 /* Paragraph.cpp */; };
		1F5CAFAF1AEDE534000D3656 /* CharacterAction.cpp in Sources */ = {isa = PBXBuildFile; fileRef = 1F5CAFAD1AEDE534000D3656 /* CharacterAction.cpp */; };
		1F5CAFB21AEDE577000D3656 /* ScriptLoader.cpp in Sources */ = {isa = PBXBuildFile; fileRef = 1F5CAFB01AEDE577000D3656 /* ScriptLoader.cpp */; };
		1F5CAFB51AEDE596000D3656 /* DramaDirector.cpp in Sources */ = {isa = PBXBuildFile; fileRef = 1F5CAFB31AEDE596000D3656 /* DramaDirector.cpp */; };
		1F5CAFB81AEDE740000D3656 /* Character.cpp in Sources */ = {isa = PBXBuildFile; fileRef = 1F5CAFB61AEDE740000D3656 /* Character.cpp */; };
		1F5CAFBB1AEDE75F000D3656 /* Plot.cpp in Sources */ = {isa = PBXBuildFile; fileRef = 1F5CAFB91AEDE75F000D3656 /* Plot.cpp */; };
		1F66072A1B0EC3550001E3D8 /* LHVideoOverlayView.m in Sources */ = {isa = PBXBuildFile; fileRef = 1F6607221B0EC3550001E3D8 /* LHVideoOverlayView.m */; };
		1F66072B1B0EC3550001E3D8 /* LHVideoPlayer.mm in Sources */ = {isa = PBXBuildFile; fileRef = 1F6607241B0EC3550001E3D8 /* LHVideoPlayer.mm */; };
		1F66072C1B0EC3550001E3D8 /* LHVideoPlayerImpl.m in Sources */ = {isa = PBXBuildFile; fileRef = 1F6607261B0EC3550001E3D8 /* LHVideoPlayerImpl.m */; };
		1F66072D1B0EC3550001E3D8 /* LHVideoPlayerImplCpp.mm in Sources */ = {isa = PBXBuildFile; fileRef = 1F6607281B0EC3550001E3D8 /* LHVideoPlayerImplCpp.mm */; };
		1F66072E1B0EC3550001E3D8 /* README.md in Sources */ = {isa = PBXBuildFile; fileRef = 1F6607291B0EC3550001E3D8 /* README.md */; };
		1F72C2A01B1E9E1E0030AF38 /* LevelNode.cpp in Sources */ = {isa = PBXBuildFile; fileRef = 1F72C29E1B1E9E1E0030AF38 /* LevelNode.cpp */; };
		1F72C2A31B1EA52F0030AF38 /* LevelSelectScene.cpp in Sources */ = {isa = PBXBuildFile; fileRef = 1F72C2A11B1EA52F0030AF38 /* LevelSelectScene.cpp */; };
		1F75ED781B0C2BA90053E55B /* HappyStartCell.cpp in Sources */ = {isa = PBXBuildFile; fileRef = 1F75ED761B0C2BA90053E55B /* HappyStartCell.cpp */; };
		1F75ED831B0C620A0053E55B /* GameScene.cpp in Sources */ = {isa = PBXBuildFile; fileRef = 1F75ED7D1B0C620A0053E55B /* GameScene.cpp */; };
		1F75ED841B0C620A0053E55B /* MainMenuScene.cpp in Sources */ = {isa = PBXBuildFile; fileRef = 1F75ED7F1B0C620A0053E55B /* MainMenuScene.cpp */; };
		1F75ED851B0C620A0053E55B /* TalkScene.cpp in Sources */ = {isa = PBXBuildFile; fileRef = 1F75ED811B0C620A0053E55B /* TalkScene.cpp */; };
		1F7B26C61B202EAA00A2A691 /* OptionsPopup.cpp in Sources */ = {isa = PBXBuildFile; fileRef = 1F7B26C41B202EAA00A2A691 /* OptionsPopup.cpp */; };
		1F95A8A21B17021200EBA3B1 /* FinishPopup.cpp in Sources */ = {isa = PBXBuildFile; fileRef = 1F95A8A01B17021200EBA3B1 /* FinishPopup.cpp */; };
		1F95B5931AF1D3E700E39A91 /* LoudSpeaker.cpp in Sources */ = {isa = PBXBuildFile; fileRef = 1F95B5911AF1D3E700E39A91 /* LoudSpeaker.cpp */; };
		1FA053B11B26870F00A771CD /* PreGameScene.cpp in Sources */ = {isa = PBXBuildFile; fileRef = 1FA053AF1B26870F00A771CD /* PreGameScene.cpp */; };
		1FA2D6321AF0D7DB0093B18F /* StageManager.cpp in Sources */ = {isa = PBXBuildFile; fileRef = 1FA2D6301AF0D7DB0093B18F /* StageManager.cpp */; };
		1FA6F96B1B16D79E006CA13B /* CKIAPManager.mm in Sources */ = {isa = PBXBuildFile; fileRef = 1FA6F9681B16D79E006CA13B /* CKIAPManager.mm */; };
		1FA6F96C1B16D79E006CA13B /* Reachability.m in Sources */ = {isa = PBXBuildFile; fileRef = 1FA6F96A1B16D79E006CA13B /* Reachability.m */; };
		1FA6F96E1B16D7A7006CA13B /* StoreKit.framework in Frameworks */ = {isa = PBXBuildFile; fileRef = 1FA6F96D1B16D7A7006CA13B /* StoreKit.framework */; };
		1FA6F9701B16D87F006CA13B /* CFNetwork.framework in Frameworks */ = {isa = PBXBuildFile; fileRef = 1FA6F96F1B16D87F006CA13B /* CFNetwork.framework */; };
		1FA6F9721B16D9B7006CA13B /* SystemConfiguration.framework in Frameworks */ = {isa = PBXBuildFile; fileRef = 1FA6F9711B16D9B7006CA13B /* SystemConfiguration.framework */; };
		1FAE98EE1B1408190073F3C7 /* CommonUtils.cpp in Sources */ = {isa = PBXBuildFile; fileRef = 1FAE98EC1B1408190073F3C7 /* CommonUtils.cpp */; };
		1FBC29B31B1D7A1400FE1B28 /* PopupWithMask.cpp in Sources */ = {isa = PBXBuildFile; fileRef = 1FBC29B11B1D7A1400FE1B28 /* PopupWithMask.cpp */; };
		1FCD4D8B1B21A0B70080AD15 /* StoryScene.cpp in Sources */ = {isa = PBXBuildFile; fileRef = 1FCD4D891B21A0B70080AD15 /* StoryScene.cpp */; };
		1FF29B0F1B1848E60017AA79 /* CCSpriteWithHue.cpp in Sources */ = {isa = PBXBuildFile; fileRef = 1FF29B0D1B1848E60017AA79 /* CCSpriteWithHue.cpp */; };
		288765A50DF7441C002DB57D /* CoreGraphics.framework in Frameworks */ = {isa = PBXBuildFile; fileRef = 288765A40DF7441C002DB57D /* CoreGraphics.framework */; };
		3F0F4FE7BFD23C718A7344DE /* res in Resources */ = {isa = PBXBuildFile; fileRef = 0F3A4B559B3019F2C7B0E080 /* res */; };
		46880B8819C43A87006E1F66 /* AppDelegate.cpp in Sources */ = {isa = PBXBuildFile; fileRef = 46880B8419C43A87006E1F66 /* AppDelegate.cpp */; };
		46880B8919C43A87006E1F66 /* AppDelegate.cpp in Sources */ = {isa = PBXBuildFile; fileRef = 46880B8419C43A87006E1F66 /* AppDelegate.cpp */; };
		503AE0F817EB97AB00D1A890 /* Icon.icns in Resources */ = {isa = PBXBuildFile; fileRef = 503AE0F617EB97AB00D1A890 /* Icon.icns */; };
		503AE10017EB989F00D1A890 /* AppController.mm in Sources */ = {isa = PBXBuildFile; fileRef = 503AE0FB17EB989F00D1A890 /* AppController.mm */; };
		503AE10117EB989F00D1A890 /* main.m in Sources */ = {isa = PBXBuildFile; fileRef = 503AE0FC17EB989F00D1A890 /* main.m */; };
		503AE10217EB989F00D1A890 /* RootViewController.mm in Sources */ = {isa = PBXBuildFile; fileRef = 503AE0FF17EB989F00D1A890 /* RootViewController.mm */; };
		503AE10517EB98FF00D1A890 /* main.cpp in Sources */ = {isa = PBXBuildFile; fileRef = 503AE10317EB98FF00D1A890 /* main.cpp */; };
		503AE11B17EB9C5A00D1A890 /* IOKit.framework in Frameworks */ = {isa = PBXBuildFile; fileRef = 503AE11A17EB9C5A00D1A890 /* IOKit.framework */; };
		5087E76317EB910900C73F5D /* Foundation.framework in Frameworks */ = {isa = PBXBuildFile; fileRef = 1D30AB110D05D00D00671497 /* Foundation.framework */; };
		5087E76717EB910900C73F5D /* libz.dylib in Frameworks */ = {isa = PBXBuildFile; fileRef = BF170DB412928DE900B8313A /* libz.dylib */; };
		5087E76817EB910900C73F5D /* QuartzCore.framework in Frameworks */ = {isa = PBXBuildFile; fileRef = BF1C47EA1293683800B63C5D /* QuartzCore.framework */; };
		5087E76917EB910900C73F5D /* OpenAL.framework in Frameworks */ = {isa = PBXBuildFile; fileRef = D44C620B132DFF330009C878 /* OpenAL.framework */; };
		5087E76A17EB910900C73F5D /* AVFoundation.framework in Frameworks */ = {isa = PBXBuildFile; fileRef = D44C620D132DFF430009C878 /* AVFoundation.framework */; };
		5087E76B17EB910900C73F5D /* AudioToolbox.framework in Frameworks */ = {isa = PBXBuildFile; fileRef = D44C620F132DFF4E0009C878 /* AudioToolbox.framework */; };
		5087E77D17EB970100C73F5D /* Default-568h@2x.png in Resources */ = {isa = PBXBuildFile; fileRef = 5087E77217EB970100C73F5D /* Default-568h@2x.png */; };
		5087E77E17EB970100C73F5D /* Default.png in Resources */ = {isa = PBXBuildFile; fileRef = 5087E77317EB970100C73F5D /* Default.png */; };
		5087E77F17EB970100C73F5D /* Default@2x.png in Resources */ = {isa = PBXBuildFile; fileRef = 5087E77417EB970100C73F5D /* Default@2x.png */; };
		5087E78017EB970100C73F5D /* Icon-114.png in Resources */ = {isa = PBXBuildFile; fileRef = 5087E77517EB970100C73F5D /* Icon-114.png */; };
		5087E78117EB970100C73F5D /* Icon-120.png in Resources */ = {isa = PBXBuildFile; fileRef = 5087E77617EB970100C73F5D /* Icon-120.png */; };
		5087E78217EB970100C73F5D /* Icon-144.png in Resources */ = {isa = PBXBuildFile; fileRef = 5087E77717EB970100C73F5D /* Icon-144.png */; };
		5087E78317EB970100C73F5D /* Icon-152.png in Resources */ = {isa = PBXBuildFile; fileRef = 5087E77817EB970100C73F5D /* Icon-152.png */; };
		5087E78417EB970100C73F5D /* Icon-57.png in Resources */ = {isa = PBXBuildFile; fileRef = 5087E77917EB970100C73F5D /* Icon-57.png */; };
		5087E78517EB970100C73F5D /* Icon-72.png in Resources */ = {isa = PBXBuildFile; fileRef = 5087E77A17EB970100C73F5D /* Icon-72.png */; };
		5087E78617EB970100C73F5D /* Icon-76.png in Resources */ = {isa = PBXBuildFile; fileRef = 5087E77B17EB970100C73F5D /* Icon-76.png */; };
		5087E78917EB974C00C73F5D /* AppKit.framework in Frameworks */ = {isa = PBXBuildFile; fileRef = 5087E78817EB974C00C73F5D /* AppKit.framework */; };
		5087E78B17EB975400C73F5D /* OpenGL.framework in Frameworks */ = {isa = PBXBuildFile; fileRef = 5087E78A17EB975400C73F5D /* OpenGL.framework */; };
		50EF629617ECD46A001EB2F8 /* Icon-40.png in Resources */ = {isa = PBXBuildFile; fileRef = 50EF629217ECD46A001EB2F8 /* Icon-40.png */; };
		50EF629717ECD46A001EB2F8 /* Icon-58.png in Resources */ = {isa = PBXBuildFile; fileRef = 50EF629317ECD46A001EB2F8 /* Icon-58.png */; };
		50EF629817ECD46A001EB2F8 /* Icon-80.png in Resources */ = {isa = PBXBuildFile; fileRef = 50EF629417ECD46A001EB2F8 /* Icon-80.png */; };
		50EF629917ECD46A001EB2F8 /* Icon-100.png in Resources */ = {isa = PBXBuildFile; fileRef = 50EF629517ECD46A001EB2F8 /* Icon-100.png */; };
		50EF62A217ECD613001EB2F8 /* Icon-29.png in Resources */ = {isa = PBXBuildFile; fileRef = 50EF62A017ECD613001EB2F8 /* Icon-29.png */; };
		50EF62A317ECD613001EB2F8 /* Icon-50.png in Resources */ = {isa = PBXBuildFile; fileRef = 50EF62A117ECD613001EB2F8 /* Icon-50.png */; };
		521A8E6419F0C34300D177D7 /* Default-667h@2x.png in Resources */ = {isa = PBXBuildFile; fileRef = 521A8E6219F0C34300D177D7 /* Default-667h@2x.png */; };
		521A8E6519F0C34300D177D7 /* Default-736h@3x.png in Resources */ = {isa = PBXBuildFile; fileRef = 521A8E6319F0C34300D177D7 /* Default-736h@3x.png */; };
		52B47A471A53D09C004E4C60 /* Security.framework in Frameworks */ = {isa = PBXBuildFile; fileRef = 52B47A461A53D09B004E4C60 /* Security.framework */; };
		6F184B438EFB81222AF34B2C /* res in Resources */ = {isa = PBXBuildFile; fileRef = 0F3A4B559B3019F2C7B0E080 /* res */; };
		BF171245129291EC00B8313A /* OpenGLES.framework in Frameworks */ = {isa = PBXBuildFile; fileRef = BF170DB012928DE900B8313A /* OpenGLES.framework */; };
		BF1712471292920000B8313A /* libz.dylib in Frameworks */ = {isa = PBXBuildFile; fileRef = BF170DB412928DE900B8313A /* libz.dylib */; };
		BF1C47F01293687400B63C5D /* QuartzCore.framework in Frameworks */ = {isa = PBXBuildFile; fileRef = BF1C47EA1293683800B63C5D /* QuartzCore.framework */; };
		C8904625A7BDB06D9E53DDA8 /* libcocos2d Mac.a in Frameworks */ = {isa = PBXBuildFile; fileRef = FAFB4B40ADC40FE64372FD4F /* libcocos2d Mac.a */; };
		D44C620C132DFF330009C878 /* OpenAL.framework in Frameworks */ = {isa = PBXBuildFile; fileRef = D44C620B132DFF330009C878 /* OpenAL.framework */; };
		D44C620E132DFF430009C878 /* AVFoundation.framework in Frameworks */ = {isa = PBXBuildFile; fileRef = D44C620D132DFF430009C878 /* AVFoundation.framework */; };
		D44C6210132DFF4E0009C878 /* AudioToolbox.framework in Frameworks */ = {isa = PBXBuildFile; fileRef = D44C620F132DFF4E0009C878 /* AudioToolbox.framework */; };
		D6B0611B1803AB670077942B /* CoreMotion.framework in Frameworks */ = {isa = PBXBuildFile; fileRef = D6B0611A1803AB670077942B /* CoreMotion.framework */; };
/* End PBXBuildFile section */

/* Begin PBXFileReference section */
		0F3A4B559B3019F2C7B0E080 /* res */ = {isa = PBXFileReference; lastKnownFileType = "?"; name = res; path = ../Resources/res; sourceTree = "<group>"; };
		1ACB3243164770DE00914215 /* libcurl.a */ = {isa = PBXFileReference; lastKnownFileType = archive.ar; name = libcurl.a; path = ../../cocos2dx/platform/third_party/ios/libraries/libcurl.a; sourceTree = "<group>"; };
		1D30AB110D05D00D00671497 /* Foundation.framework */ = {isa = PBXFileReference; lastKnownFileType = wrapper.framework; name = Foundation.framework; path = System/Library/Frameworks/Foundation.framework; sourceTree = SDKROOT; };
		1D6058910D05DD3D006BFB54 /* HeroTalk iOS.app */ = {isa = PBXFileReference; explicitFileType = wrapper.application; includeInIndex = 0; path = "HeroTalk iOS.app"; sourceTree = BUILT_PRODUCTS_DIR; };
		1DF5F4DF0D08C38300B7A737 /* UIKit.framework */ = {isa = PBXFileReference; lastKnownFileType = wrapper.framework; name = UIKit.framework; path = System/Library/Frameworks/UIKit.framework; sourceTree = SDKROOT; };
		1F4373241B0DB90300A7FD8D /* LoadingScene.cpp */ = {isa = PBXFileReference; fileEncoding = 4; lastKnownFileType = sourcecode.cpp.cpp; path = LoadingScene.cpp; sourceTree = "<group>"; };
		1F4373251B0DB90300A7FD8D /* LoadingScene.h */ = {isa = PBXFileReference; fileEncoding = 4; lastKnownFileType = sourcecode.c.h; path = LoadingScene.h; sourceTree = "<group>"; };
		1F4373271B0DBB9400A7FD8D /* BaseScene.cpp */ = {isa = PBXFileReference; fileEncoding = 4; lastKnownFileType = sourcecode.cpp.cpp; path = BaseScene.cpp; sourceTree = "<group>"; };
		1F4373281B0DBB9400A7FD8D /* BaseScene.h */ = {isa = PBXFileReference; fileEncoding = 4; lastKnownFileType = sourcecode.c.h; path = BaseScene.h; sourceTree = "<group>"; };
		1F43732A1B0DD7C600A7FD8D /* VideoScene.cpp */ = {isa = PBXFileReference; fileEncoding = 4; lastKnownFileType = sourcecode.cpp.cpp; path = VideoScene.cpp; sourceTree = "<group>"; };
		1F43732B1B0DD7C600A7FD8D /* VideoScene.h */ = {isa = PBXFileReference; fileEncoding = 4; lastKnownFileType = sourcecode.c.h; path = VideoScene.h; sourceTree = "<group>"; };
		1F4373341B0DDCD100A7FD8D /* MediaPlayer.framework */ = {isa = PBXFileReference; lastKnownFileType = wrapper.framework; name = MediaPlayer.framework; path = Platforms/iPhoneOS.platform/Developer/SDKs/iPhoneOS8.1.sdk/System/Library/Frameworks/MediaPlayer.framework; sourceTree = DEVELOPER_DIR; };
		1F5CAFA41AEDE503000D3656 /* Drama.cpp */ = {isa = PBXFileReference; fileEncoding = 4; lastKnownFileType = sourcecode.cpp.cpp; path = Drama.cpp; sourceTree = "<group>"; };
		1F5CAFA51AEDE503000D3656 /* Drama.h */ = {isa = PBXFileReference; fileEncoding = 4; lastKnownFileType = sourcecode.c.h; path = Drama.h; sourceTree = "<group>"; };
		1F5CAFA71AEDE515000D3656 /* Curtain.cpp */ = {isa = PBXFileReference; fileEncoding = 4; lastKnownFileType = sourcecode.cpp.cpp; path = Curtain.cpp; sourceTree = "<group>"; };
		1F5CAFA81AEDE515000D3656 /* Curtain.h */ = {isa = PBXFileReference; fileEncoding = 4; lastKnownFileType = sourcecode.c.h; path = Curtain.h; sourceTree = "<group>"; };
		1F5CAFAA1AEDE527000D3656 /* Paragraph.cpp */ = {isa = PBXFileReference; fileEncoding = 4; lastKnownFileType = sourcecode.cpp.cpp; path = Paragraph.cpp; sourceTree = "<group>"; };
		1F5CAFAB1AEDE527000D3656 /* Paragraph.h */ = {isa = PBXFileReference; fileEncoding = 4; lastKnownFileType = sourcecode.c.h; path = Paragraph.h; sourceTree = "<group>"; };
		1F5CAFAD1AEDE534000D3656 /* CharacterAction.cpp */ = {isa = PBXFileReference; fileEncoding = 4; lastKnownFileType = sourcecode.cpp.cpp; path = CharacterAction.cpp; sourceTree = "<group>"; };
		1F5CAFAE1AEDE534000D3656 /* CharacterAction.h */ = {isa = PBXFileReference; fileEncoding = 4; lastKnownFileType = sourcecode.c.h; path = CharacterAction.h; sourceTree = "<group>"; };
		1F5CAFB01AEDE577000D3656 /* ScriptLoader.cpp */ = {isa = PBXFileReference; fileEncoding = 4; lastKnownFileType = sourcecode.cpp.cpp; path = ScriptLoader.cpp; sourceTree = "<group>"; };
		1F5CAFB11AEDE577000D3656 /* ScriptLoader.h */ = {isa = PBXFileReference; fileEncoding = 4; lastKnownFileType = sourcecode.c.h; path = ScriptLoader.h; sourceTree = "<group>"; };
		1F5CAFB31AEDE596000D3656 /* DramaDirector.cpp */ = {isa = PBXFileReference; fileEncoding = 4; lastKnownFileType = sourcecode.cpp.cpp; path = DramaDirector.cpp; sourceTree = "<group>"; };
		1F5CAFB41AEDE596000D3656 /* DramaDirector.h */ = {isa = PBXFileReference; fileEncoding = 4; lastKnownFileType = sourcecode.c.h; path = DramaDirector.h; sourceTree = "<group>"; };
		1F5CAFB61AEDE740000D3656 /* Character.cpp */ = {isa = PBXFileReference; fileEncoding = 4; lastKnownFileType = sourcecode.cpp.cpp; path = Character.cpp; sourceTree = "<group>"; };
		1F5CAFB71AEDE740000D3656 /* Character.h */ = {isa = PBXFileReference; fileEncoding = 4; lastKnownFileType = sourcecode.c.h; path = Character.h; sourceTree = "<group>"; };
		1F5CAFB91AEDE75F000D3656 /* Plot.cpp */ = {isa = PBXFileReference; fileEncoding = 4; lastKnownFileType = sourcecode.cpp.cpp; path = Plot.cpp; sourceTree = "<group>"; };
		1F5CAFBA1AEDE75F000D3656 /* Plot.h */ = {isa = PBXFileReference; fileEncoding = 4; lastKnownFileType = sourcecode.c.h; path = Plot.h; sourceTree = "<group>"; };
		1F6607211B0EC3550001E3D8 /* LHVideoOverlayView.h */ = {isa = PBXFileReference; fileEncoding = 4; lastKnownFileType = sourcecode.c.h; path = LHVideoOverlayView.h; sourceTree = "<group>"; };
		1F6607221B0EC3550001E3D8 /* LHVideoOverlayView.m */ = {isa = PBXFileReference; fileEncoding = 4; lastKnownFileType = sourcecode.c.objc; path = LHVideoOverlayView.m; sourceTree = "<group>"; };
		1F6607231B0EC3550001E3D8 /* LHVideoPlayer.h */ = {isa = PBXFileReference; fileEncoding = 4; lastKnownFileType = sourcecode.c.h; path = LHVideoPlayer.h; sourceTree = "<group>"; };
		1F6607241B0EC3550001E3D8 /* LHVideoPlayer.mm */ = {isa = PBXFileReference; fileEncoding = 4; lastKnownFileType = sourcecode.cpp.objcpp; path = LHVideoPlayer.mm; sourceTree = "<group>"; };
		1F6607251B0EC3550001E3D8 /* LHVideoPlayerImpl.h */ = {isa = PBXFileReference; fileEncoding = 4; lastKnownFileType = sourcecode.c.h; path = LHVideoPlayerImpl.h; sourceTree = "<group>"; };
		1F6607261B0EC3550001E3D8 /* LHVideoPlayerImpl.m */ = {isa = PBXFileReference; fileEncoding = 4; lastKnownFileType = sourcecode.c.objc; path = LHVideoPlayerImpl.m; sourceTree = "<group>"; };
		1F6607271B0EC3550001E3D8 /* LHVideoPlayerImplCpp.h */ = {isa = PBXFileReference; fileEncoding = 4; lastKnownFileType = sourcecode.c.h; path = LHVideoPlayerImplCpp.h; sourceTree = "<group>"; };
		1F6607281B0EC3550001E3D8 /* LHVideoPlayerImplCpp.mm */ = {isa = PBXFileReference; fileEncoding = 4; lastKnownFileType = sourcecode.cpp.objcpp; path = LHVideoPlayerImplCpp.mm; sourceTree = "<group>"; };
		1F6607291B0EC3550001E3D8 /* README.md */ = {isa = PBXFileReference; fileEncoding = 4; lastKnownFileType = net.daringfireball.markdown; path = README.md; sourceTree = "<group>"; };
		1F72C29E1B1E9E1E0030AF38 /* LevelNode.cpp */ = {isa = PBXFileReference; fileEncoding = 4; lastKnownFileType = sourcecode.cpp.cpp; path = LevelNode.cpp; sourceTree = "<group>"; };
		1F72C29F1B1E9E1E0030AF38 /* LevelNode.h */ = {isa = PBXFileReference; fileEncoding = 4; lastKnownFileType = sourcecode.c.h; path = LevelNode.h; sourceTree = "<group>"; };
		1F72C2A11B1EA52F0030AF38 /* LevelSelectScene.cpp */ = {isa = PBXFileReference; fileEncoding = 4; lastKnownFileType = sourcecode.cpp.cpp; path = LevelSelectScene.cpp; sourceTree = "<group>"; };
		1F72C2A21B1EA52F0030AF38 /* LevelSelectScene.h */ = {isa = PBXFileReference; fileEncoding = 4; lastKnownFileType = sourcecode.c.h; path = LevelSelectScene.h; sourceTree = "<group>"; };
		1F75ED761B0C2BA90053E55B /* HappyStartCell.cpp */ = {isa = PBXFileReference; fileEncoding = 4; lastKnownFileType = sourcecode.cpp.cpp; path = HappyStartCell.cpp; sourceTree = "<group>"; };
		1F75ED771B0C2BA90053E55B /* HappyStartCell.h */ = {isa = PBXFileReference; fileEncoding = 4; lastKnownFileType = sourcecode.c.h; path = HappyStartCell.h; sourceTree = "<group>"; };
		1F75ED7D1B0C620A0053E55B /* GameScene.cpp */ = {isa = PBXFileReference; fileEncoding = 4; lastKnownFileType = sourcecode.cpp.cpp; path = GameScene.cpp; sourceTree = "<group>"; };
		1F75ED7E1B0C620A0053E55B /* GameScene.h */ = {isa = PBXFileReference; fileEncoding = 4; lastKnownFileType = sourcecode.c.h; path = GameScene.h; sourceTree = "<group>"; };
		1F75ED7F1B0C620A0053E55B /* MainMenuScene.cpp */ = {isa = PBXFileReference; fileEncoding = 4; lastKnownFileType = sourcecode.cpp.cpp; path = MainMenuScene.cpp; sourceTree = "<group>"; };
		1F75ED801B0C620A0053E55B /* MainMenuScene.h */ = {isa = PBXFileReference; fileEncoding = 4; lastKnownFileType = sourcecode.c.h; path = MainMenuScene.h; sourceTree = "<group>"; };
		1F75ED811B0C620A0053E55B /* TalkScene.cpp */ = {isa = PBXFileReference; fileEncoding = 4; lastKnownFileType = sourcecode.cpp.cpp; path = TalkScene.cpp; sourceTree = "<group>"; };
		1F75ED821B0C620A0053E55B /* TalkScene.h */ = {isa = PBXFileReference; fileEncoding = 4; lastKnownFileType = sourcecode.c.h; path = TalkScene.h; sourceTree = "<group>"; };
		1F7B26C41B202EAA00A2A691 /* OptionsPopup.cpp */ = {isa = PBXFileReference; fileEncoding = 4; lastKnownFileType = sourcecode.cpp.cpp; path = OptionsPopup.cpp; sourceTree = "<group>"; };
		1F7B26C51B202EAA00A2A691 /* OptionsPopup.h */ = {isa = PBXFileReference; fileEncoding = 4; lastKnownFileType = sourcecode.c.h; path = OptionsPopup.h; sourceTree = "<group>"; };
		1F95A8A01B17021200EBA3B1 /* FinishPopup.cpp */ = {isa = PBXFileReference; fileEncoding = 4; lastKnownFileType = sourcecode.cpp.cpp; path = FinishPopup.cpp; sourceTree = "<group>"; };
		1F95A8A11B17021200EBA3B1 /* FinishPopup.h */ = {isa = PBXFileReference; fileEncoding = 4; lastKnownFileType = sourcecode.c.h; path = FinishPopup.h; sourceTree = "<group>"; };
		1F95B5911AF1D3E700E39A91 /* LoudSpeaker.cpp */ = {isa = PBXFileReference; fileEncoding = 4; lastKnownFileType = sourcecode.cpp.cpp; path = LoudSpeaker.cpp; sourceTree = "<group>"; };
		1F95B5921AF1D3E700E39A91 /* LoudSpeaker.h */ = {isa = PBXFileReference; fileEncoding = 4; lastKnownFileType = sourcecode.c.h; path = LoudSpeaker.h; sourceTree = "<group>"; };
		1FA053AF1B26870F00A771CD /* PreGameScene.cpp */ = {isa = PBXFileReference; fileEncoding = 4; lastKnownFileType = sourcecode.cpp.cpp; path = PreGameScene.cpp; sourceTree = "<group>"; };
		1FA053B01B26870F00A771CD /* PreGameScene.h */ = {isa = PBXFileReference; fileEncoding = 4; lastKnownFileType = sourcecode.c.h; path = PreGameScene.h; sourceTree = "<group>"; };
		1FA2D6301AF0D7DB0093B18F /* StageManager.cpp */ = {isa = PBXFileReference; fileEncoding = 4; lastKnownFileType = sourcecode.cpp.cpp; path = StageManager.cpp; sourceTree = "<group>"; };
		1FA2D6311AF0D7DB0093B18F /* StageManager.h */ = {isa = PBXFileReference; fileEncoding = 4; lastKnownFileType = sourcecode.c.h; path = "\U0010StageManager.h"; sourceTree = "<group>"; };
		1FA6F9671B16D79E006CA13B /* CKIAPManager.h */ = {isa = PBXFileReference; fileEncoding = 4; lastKnownFileType = sourcecode.c.h; path = CKIAPManager.h; sourceTree = "<group>"; };
		1FA6F9681B16D79E006CA13B /* CKIAPManager.mm */ = {isa = PBXFileReference; fileEncoding = 4; lastKnownFileType = sourcecode.cpp.objcpp; path = CKIAPManager.mm; sourceTree = "<group>"; };
		1FA6F9691B16D79E006CA13B /* Reachability.h */ = {isa = PBXFileReference; fileEncoding = 4; lastKnownFileType = sourcecode.c.h; path = Reachability.h; sourceTree = "<group>"; };
		1FA6F96A1B16D79E006CA13B /* Reachability.m */ = {isa = PBXFileReference; fileEncoding = 4; lastKnownFileType = sourcecode.c.objc; path = Reachability.m; sourceTree = "<group>"; };
		1FA6F96D1B16D7A7006CA13B /* StoreKit.framework */ = {isa = PBXFileReference; lastKnownFileType = wrapper.framework; name = StoreKit.framework; path = Platforms/iPhoneOS.platform/Developer/SDKs/iPhoneOS8.1.sdk/System/Library/Frameworks/StoreKit.framework; sourceTree = DEVELOPER_DIR; };
		1FA6F96F1B16D87F006CA13B /* CFNetwork.framework */ = {isa = PBXFileReference; lastKnownFileType = wrapper.framework; name = CFNetwork.framework; path = Platforms/iPhoneOS.platform/Developer/SDKs/iPhoneOS8.1.sdk/System/Library/Frameworks/CFNetwork.framework; sourceTree = DEVELOPER_DIR; };
		1FA6F9711B16D9B7006CA13B /* SystemConfiguration.framework */ = {isa = PBXFileReference; lastKnownFileType = wrapper.framework; name = SystemConfiguration.framework; path = Platforms/iPhoneOS.platform/Developer/SDKs/iPhoneOS8.1.sdk/System/Library/Frameworks/SystemConfiguration.framework; sourceTree = DEVELOPER_DIR; };
		1FAE98EC1B1408190073F3C7 /* CommonUtils.cpp */ = {isa = PBXFileReference; fileEncoding = 4; lastKnownFileType = sourcecode.cpp.cpp; path = CommonUtils.cpp; sourceTree = "<group>"; };
		1FAE98ED1B1408190073F3C7 /* CommonUtils.h */ = {isa = PBXFileReference; fileEncoding = 4; lastKnownFileType = sourcecode.c.h; path = CommonUtils.h; sourceTree = "<group>"; };
		1FAE98F51B1418360073F3C7 /* StringComparator.h */ = {isa = PBXFileReference; fileEncoding = 4; lastKnownFileType = sourcecode.c.h; path = StringComparator.h; sourceTree = "<group>"; };
		1FBC29B11B1D7A1400FE1B28 /* PopupWithMask.cpp */ = {isa = PBXFileReference; fileEncoding = 4; lastKnownFileType = sourcecode.cpp.cpp; path = PopupWithMask.cpp; sourceTree = "<group>"; };
		1FBC29B21B1D7A1400FE1B28 /* PopupWithMask.h */ = {isa = PBXFileReference; fileEncoding = 4; lastKnownFileType = sourcecode.c.h; path = PopupWithMask.h; sourceTree = "<group>"; };
		1FCD4D891B21A0B70080AD15 /* StoryScene.cpp */ = {isa = PBXFileReference; fileEncoding = 4; lastKnownFileType = sourcecode.cpp.cpp; path = StoryScene.cpp; sourceTree = "<group>"; };
		1FCD4D8A1B21A0B70080AD15 /* StoryScene.h */ = {isa = PBXFileReference; fileEncoding = 4; lastKnownFileType = sourcecode.c.h; path = StoryScene.h; sourceTree = "<group>"; };
		1FF29B0D1B1848E60017AA79 /* CCSpriteWithHue.cpp */ = {isa = PBXFileReference; fileEncoding = 4; lastKnownFileType = sourcecode.cpp.cpp; path = CCSpriteWithHue.cpp; sourceTree = "<group>"; };
		1FF29B0E1B1848E60017AA79 /* CCSpriteWithHue.h */ = {isa = PBXFileReference; fileEncoding = 4; lastKnownFileType = sourcecode.c.h; path = CCSpriteWithHue.h; sourceTree = "<group>"; };
		288765A40DF7441C002DB57D /* CoreGraphics.framework */ = {isa = PBXFileReference; lastKnownFileType = wrapper.framework; name = CoreGraphics.framework; path = System/Library/Frameworks/CoreGraphics.framework; sourceTree = SDKROOT; };
		36C64C27B51AFFE8FF5464D4 /* libcocos2d iOS.a */ = {isa = PBXFileReference; lastKnownFileType = archive.ar; name = "libcocos2d iOS.a"; path = "/Applications/Cocos/frameworks/cocos2d-x-3.4/prebuilt/ios/libcocos2d iOS.a"; sourceTree = "<absolute>"; };
		46880B8419C43A87006E1F66 /* AppDelegate.cpp */ = {isa = PBXFileReference; fileEncoding = 4; lastKnownFileType = sourcecode.cpp.cpp; path = AppDelegate.cpp; sourceTree = "<group>"; };
		46880B8519C43A87006E1F66 /* AppDelegate.h */ = {isa = PBXFileReference; fileEncoding = 4; lastKnownFileType = sourcecode.c.h; path = AppDelegate.h; sourceTree = "<group>"; };
		503AE0F617EB97AB00D1A890 /* Icon.icns */ = {isa = PBXFileReference; lastKnownFileType = image.icns; path = Icon.icns; sourceTree = "<group>"; };
		503AE0F717EB97AB00D1A890 /* Info.plist */ = {isa = PBXFileReference; fileEncoding = 4; lastKnownFileType = text.plist.xml; path = Info.plist; sourceTree = "<group>"; };
		503AE0FA17EB989F00D1A890 /* AppController.h */ = {isa = PBXFileReference; fileEncoding = 4; lastKnownFileType = sourcecode.c.h; name = AppController.h; path = ios/AppController.h; sourceTree = SOURCE_ROOT; };
		503AE0FB17EB989F00D1A890 /* AppController.mm */ = {isa = PBXFileReference; fileEncoding = 4; lastKnownFileType = sourcecode.cpp.objcpp; name = AppController.mm; path = ios/AppController.mm; sourceTree = SOURCE_ROOT; };
		503AE0FC17EB989F00D1A890 /* main.m */ = {isa = PBXFileReference; fileEncoding = 4; lastKnownFileType = sourcecode.c.objc; name = main.m; path = ios/main.m; sourceTree = SOURCE_ROOT; };
		503AE0FD17EB989F00D1A890 /* Prefix.pch */ = {isa = PBXFileReference; fileEncoding = 4; lastKnownFileType = sourcecode.c.h; name = Prefix.pch; path = ios/Prefix.pch; sourceTree = SOURCE_ROOT; };
		503AE0FE17EB989F00D1A890 /* RootViewController.h */ = {isa = PBXFileReference; fileEncoding = 4; lastKnownFileType = sourcecode.c.h; name = RootViewController.h; path = ios/RootViewController.h; sourceTree = SOURCE_ROOT; };
		503AE0FF17EB989F00D1A890 /* RootViewController.mm */ = {isa = PBXFileReference; fileEncoding = 4; lastKnownFileType = sourcecode.cpp.objcpp; name = RootViewController.mm; path = ios/RootViewController.mm; sourceTree = SOURCE_ROOT; };
		503AE10317EB98FF00D1A890 /* main.cpp */ = {isa = PBXFileReference; fileEncoding = 4; lastKnownFileType = sourcecode.cpp.cpp; name = main.cpp; path = mac/main.cpp; sourceTree = "<group>"; };
		503AE10417EB98FF00D1A890 /* Prefix.pch */ = {isa = PBXFileReference; fileEncoding = 4; lastKnownFileType = sourcecode.c.h; name = Prefix.pch; path = mac/Prefix.pch; sourceTree = "<group>"; };
		503AE11117EB99EE00D1A890 /* libcurl.dylib */ = {isa = PBXFileReference; lastKnownFileType = "compiled.mach-o.dylib"; name = libcurl.dylib; path = usr/lib/libcurl.dylib; sourceTree = SDKROOT; };
		503AE11A17EB9C5A00D1A890 /* IOKit.framework */ = {isa = PBXFileReference; lastKnownFileType = wrapper.framework; name = IOKit.framework; path = System/Library/Frameworks/IOKit.framework; sourceTree = SDKROOT; };
		5087E76F17EB910900C73F5D /* HeroTalk Mac.app */ = {isa = PBXFileReference; explicitFileType = wrapper.application; includeInIndex = 0; path = "HeroTalk Mac.app"; sourceTree = BUILT_PRODUCTS_DIR; };
		5087E77217EB970100C73F5D /* Default-568h@2x.png */ = {isa = PBXFileReference; lastKnownFileType = image.png; path = "Default-568h@2x.png"; sourceTree = "<group>"; };
		5087E77317EB970100C73F5D /* Default.png */ = {isa = PBXFileReference; lastKnownFileType = image.png; path = Default.png; sourceTree = "<group>"; };
		5087E77417EB970100C73F5D /* Default@2x.png */ = {isa = PBXFileReference; lastKnownFileType = image.png; path = "Default@2x.png"; sourceTree = "<group>"; };
		5087E77517EB970100C73F5D /* Icon-114.png */ = {isa = PBXFileReference; lastKnownFileType = image.png; path = "Icon-114.png"; sourceTree = "<group>"; };
		5087E77617EB970100C73F5D /* Icon-120.png */ = {isa = PBXFileReference; lastKnownFileType = image.png; path = "Icon-120.png"; sourceTree = "<group>"; };
		5087E77717EB970100C73F5D /* Icon-144.png */ = {isa = PBXFileReference; lastKnownFileType = image.png; path = "Icon-144.png"; sourceTree = "<group>"; };
		5087E77817EB970100C73F5D /* Icon-152.png */ = {isa = PBXFileReference; lastKnownFileType = image.png; path = "Icon-152.png"; sourceTree = "<group>"; };
		5087E77917EB970100C73F5D /* Icon-57.png */ = {isa = PBXFileReference; lastKnownFileType = image.png; path = "Icon-57.png"; sourceTree = "<group>"; };
		5087E77A17EB970100C73F5D /* Icon-72.png */ = {isa = PBXFileReference; lastKnownFileType = image.png; path = "Icon-72.png"; sourceTree = "<group>"; };
		5087E77B17EB970100C73F5D /* Icon-76.png */ = {isa = PBXFileReference; lastKnownFileType = image.png; path = "Icon-76.png"; sourceTree = "<group>"; };
		5087E77C17EB970100C73F5D /* Info.plist */ = {isa = PBXFileReference; fileEncoding = 4; lastKnownFileType = text.plist.xml; path = Info.plist; sourceTree = "<group>"; };
		5087E78817EB974C00C73F5D /* AppKit.framework */ = {isa = PBXFileReference; lastKnownFileType = wrapper.framework; name = AppKit.framework; path = System/Library/Frameworks/AppKit.framework; sourceTree = SDKROOT; };
		5087E78A17EB975400C73F5D /* OpenGL.framework */ = {isa = PBXFileReference; lastKnownFileType = wrapper.framework; name = OpenGL.framework; path = System/Library/Frameworks/OpenGL.framework; sourceTree = SDKROOT; };
		50EF629217ECD46A001EB2F8 /* Icon-40.png */ = {isa = PBXFileReference; lastKnownFileType = image.png; path = "Icon-40.png"; sourceTree = "<group>"; };
		50EF629317ECD46A001EB2F8 /* Icon-58.png */ = {isa = PBXFileReference; lastKnownFileType = image.png; path = "Icon-58.png"; sourceTree = "<group>"; };
		50EF629417ECD46A001EB2F8 /* Icon-80.png */ = {isa = PBXFileReference; lastKnownFileType = image.png; path = "Icon-80.png"; sourceTree = "<group>"; };
		50EF629517ECD46A001EB2F8 /* Icon-100.png */ = {isa = PBXFileReference; lastKnownFileType = image.png; path = "Icon-100.png"; sourceTree = "<group>"; };
		50EF62A017ECD613001EB2F8 /* Icon-29.png */ = {isa = PBXFileReference; lastKnownFileType = image.png; path = "Icon-29.png"; sourceTree = "<group>"; };
		50EF62A117ECD613001EB2F8 /* Icon-50.png */ = {isa = PBXFileReference; lastKnownFileType = image.png; path = "Icon-50.png"; sourceTree = "<group>"; };
		521A8E6219F0C34300D177D7 /* Default-667h@2x.png */ = {isa = PBXFileReference; lastKnownFileType = image.png; path = "Default-667h@2x.png"; sourceTree = "<group>"; };
		521A8E6319F0C34300D177D7 /* Default-736h@3x.png */ = {isa = PBXFileReference; lastKnownFileType = image.png; path = "Default-736h@3x.png"; sourceTree = "<group>"; };
		52B47A461A53D09B004E4C60 /* Security.framework */ = {isa = PBXFileReference; lastKnownFileType = wrapper.framework; name = Security.framework; path = Platforms/iPhoneOS.platform/Developer/SDKs/iPhoneOS8.1.sdk/System/Library/Frameworks/Security.framework; sourceTree = DEVELOPER_DIR; };
		BF170DB012928DE900B8313A /* OpenGLES.framework */ = {isa = PBXFileReference; lastKnownFileType = wrapper.framework; name = OpenGLES.framework; path = System/Library/Frameworks/OpenGLES.framework; sourceTree = SDKROOT; };
		BF170DB412928DE900B8313A /* libz.dylib */ = {isa = PBXFileReference; lastKnownFileType = "compiled.mach-o.dylib"; name = libz.dylib; path = usr/lib/libz.dylib; sourceTree = SDKROOT; };
		BF1C47EA1293683800B63C5D /* QuartzCore.framework */ = {isa = PBXFileReference; lastKnownFileType = wrapper.framework; name = QuartzCore.framework; path = System/Library/Frameworks/QuartzCore.framework; sourceTree = SDKROOT; };
		D44C620B132DFF330009C878 /* OpenAL.framework */ = {isa = PBXFileReference; lastKnownFileType = wrapper.framework; name = OpenAL.framework; path = System/Library/Frameworks/OpenAL.framework; sourceTree = SDKROOT; };
		D44C620D132DFF430009C878 /* AVFoundation.framework */ = {isa = PBXFileReference; lastKnownFileType = wrapper.framework; name = AVFoundation.framework; path = System/Library/Frameworks/AVFoundation.framework; sourceTree = SDKROOT; };
		D44C620F132DFF4E0009C878 /* AudioToolbox.framework */ = {isa = PBXFileReference; lastKnownFileType = wrapper.framework; name = AudioToolbox.framework; path = System/Library/Frameworks/AudioToolbox.framework; sourceTree = SDKROOT; };
		D6B0611A1803AB670077942B /* CoreMotion.framework */ = {isa = PBXFileReference; lastKnownFileType = wrapper.framework; name = CoreMotion.framework; path = Platforms/iPhoneOS.platform/Developer/SDKs/iPhoneOS7.0.sdk/System/Library/Frameworks/CoreMotion.framework; sourceTree = DEVELOPER_DIR; };
		FAFB4B40ADC40FE64372FD4F /* libcocos2d Mac.a */ = {isa = PBXFileReference; lastKnownFileType = archive.ar; name = "libcocos2d Mac.a"; path = "/Applications/Cocos/frameworks/cocos2d-x-3.4/prebuilt/mac/libcocos2d Mac.a"; sourceTree = "<absolute>"; };
/* End PBXFileReference section */

/* Begin PBXFrameworksBuildPhase section */
		1D60588F0D05DD3D006BFB54 /* Frameworks */ = {
			isa = PBXFrameworksBuildPhase;
			buildActionMask = 2147483647;
			files = (
				1FA6F9721B16D9B7006CA13B /* SystemConfiguration.framework in Frameworks */,
				1FA6F9701B16D87F006CA13B /* CFNetwork.framework in Frameworks */,
				1FA6F96E1B16D7A7006CA13B /* StoreKit.framework in Frameworks */,
				1F4373351B0DDCD100A7FD8D /* MediaPlayer.framework in Frameworks */,
				52B47A471A53D09C004E4C60 /* Security.framework in Frameworks */,
				D6B0611B1803AB670077942B /* CoreMotion.framework in Frameworks */,
				1D60589F0D05DD5A006BFB54 /* Foundation.framework in Frameworks */,
				1DF5F4E00D08C38300B7A737 /* UIKit.framework in Frameworks */,
				288765A50DF7441C002DB57D /* CoreGraphics.framework in Frameworks */,
				BF171245129291EC00B8313A /* OpenGLES.framework in Frameworks */,
				BF1712471292920000B8313A /* libz.dylib in Frameworks */,
				BF1C47F01293687400B63C5D /* QuartzCore.framework in Frameworks */,
				D44C620C132DFF330009C878 /* OpenAL.framework in Frameworks */,
				D44C620E132DFF430009C878 /* AVFoundation.framework in Frameworks */,
				D44C6210132DFF4E0009C878 /* AudioToolbox.framework in Frameworks */,
				1E4146BB8C923CA52DB7FFF8 /* libcocos2d iOS.a in Frameworks */,
			);
			runOnlyForDeploymentPostprocessing = 0;
		};
		5087E75C17EB910900C73F5D /* Frameworks */ = {
			isa = PBXFrameworksBuildPhase;
			buildActionMask = 2147483647;
			files = (
				5087E76717EB910900C73F5D /* libz.dylib in Frameworks */,
				503AE11B17EB9C5A00D1A890 /* IOKit.framework in Frameworks */,
				5087E78B17EB975400C73F5D /* OpenGL.framework in Frameworks */,
				5087E78917EB974C00C73F5D /* AppKit.framework in Frameworks */,
				5087E76317EB910900C73F5D /* Foundation.framework in Frameworks */,
				5087E76817EB910900C73F5D /* QuartzCore.framework in Frameworks */,
				5087E76917EB910900C73F5D /* OpenAL.framework in Frameworks */,
				5087E76A17EB910900C73F5D /* AVFoundation.framework in Frameworks */,
				5087E76B17EB910900C73F5D /* AudioToolbox.framework in Frameworks */,
				C8904625A7BDB06D9E53DDA8 /* libcocos2d Mac.a in Frameworks */,
			);
			runOnlyForDeploymentPostprocessing = 0;
		};
/* End PBXFrameworksBuildPhase section */

/* Begin PBXGroup section */
		080E96DDFE201D6D7F000001 /* ios */ = {
			isa = PBXGroup;
			children = (
				5087E77117EB970100C73F5D /* Icons */,
				503AE0FA17EB989F00D1A890 /* AppController.h */,
				503AE0FB17EB989F00D1A890 /* AppController.mm */,
				503AE0FC17EB989F00D1A890 /* main.m */,
				503AE0FD17EB989F00D1A890 /* Prefix.pch */,
				503AE0FE17EB989F00D1A890 /* RootViewController.h */,
				503AE0FF17EB989F00D1A890 /* RootViewController.mm */,
			);
			name = ios;
			path = Classes;
			sourceTree = "<group>";
		};
		105E4ABAA45E806782AFDBF0 /* ios-libs */ = {
			isa = PBXGroup;
			children = (
				36C64C27B51AFFE8FF5464D4 /* libcocos2d iOS.a */,
			);
			name = "ios-libs";
			sourceTree = "<group>";
		};
		19C28FACFE9D520D11CA2CBB /* Products */ = {
			isa = PBXGroup;
			children = (
				1D6058910D05DD3D006BFB54 /* HeroTalk iOS.app */,
				5087E76F17EB910900C73F5D /* HeroTalk Mac.app */,
			);
			name = Products;
			sourceTree = "<group>";
		};
		1F02BE701B17175F00C8D936 /* CKIAPLib */ = {
			isa = PBXGroup;
			children = (
				1FA6F9671B16D79E006CA13B /* CKIAPManager.h */,
				1FA6F9681B16D79E006CA13B /* CKIAPManager.mm */,
				1FA6F9691B16D79E006CA13B /* Reachability.h */,
				1FA6F96A1B16D79E006CA13B /* Reachability.m */,
			);
			name = CKIAPLib;
			sourceTree = "<group>";
		};
		1F5CAFA31AEDE4E2000D3656 /* ScriptEngine */ = {
			isa = PBXGroup;
			children = (
				1F5CAFA41AEDE503000D3656 /* Drama.cpp */,
				1F5CAFA51AEDE503000D3656 /* Drama.h */,
				1F5CAFA71AEDE515000D3656 /* Curtain.cpp */,
				1F5CAFB61AEDE740000D3656 /* Character.cpp */,
				1F5CAFB71AEDE740000D3656 /* Character.h */,
				1F5CAFA81AEDE515000D3656 /* Curtain.h */,
				1F5CAFAA1AEDE527000D3656 /* Paragraph.cpp */,
				1F5CAFAB1AEDE527000D3656 /* Paragraph.h */,
				1F5CAFAD1AEDE534000D3656 /* CharacterAction.cpp */,
				1F5CAFAE1AEDE534000D3656 /* CharacterAction.h */,
				1F5CAFB01AEDE577000D3656 /* ScriptLoader.cpp */,
				1F5CAFB11AEDE577000D3656 /* ScriptLoader.h */,
				1F5CAFB31AEDE596000D3656 /* DramaDirector.cpp */,
				1F5CAFB41AEDE596000D3656 /* DramaDirector.h */,
				1F5CAFB91AEDE75F000D3656 /* Plot.cpp */,
				1F5CAFBA1AEDE75F000D3656 /* Plot.h */,
				1FA2D6301AF0D7DB0093B18F /* StageManager.cpp */,
				1FA2D6311AF0D7DB0093B18F /* StageManager.h */,
				1F95B5911AF1D3E700E39A91 /* LoudSpeaker.cpp */,
				1F95B5921AF1D3E700E39A91 /* LoudSpeaker.h */,
			);
			path = ScriptEngine;
			sourceTree = "<group>";
		};
		1F6607201B0EC3550001E3D8 /* playmp4 */ = {
			isa = PBXGroup;
			children = (
				1F6607211B0EC3550001E3D8 /* LHVideoOverlayView.h */,
				1F6607221B0EC3550001E3D8 /* LHVideoOverlayView.m */,
				1F6607231B0EC3550001E3D8 /* LHVideoPlayer.h */,
				1F6607241B0EC3550001E3D8 /* LHVideoPlayer.mm */,
				1F6607251B0EC3550001E3D8 /* LHVideoPlayerImpl.h */,
				1F6607261B0EC3550001E3D8 /* LHVideoPlayerImpl.m */,
				1F6607271B0EC3550001E3D8 /* LHVideoPlayerImplCpp.h */,
				1F6607281B0EC3550001E3D8 /* LHVideoPlayerImplCpp.mm */,
				1F6607291B0EC3550001E3D8 /* README.md */,
			);
			path = playmp4;
			sourceTree = "<group>";
		};
		1F75ED751B0C2BA90053E55B /* Cell */ = {
			isa = PBXGroup;
			children = (
				1F72C29E1B1E9E1E0030AF38 /* LevelNode.cpp */,
				1F72C29F1B1E9E1E0030AF38 /* LevelNode.h */,
				1FF29B0D1B1848E60017AA79 /* CCSpriteWithHue.cpp */,
				1FF29B0E1B1848E60017AA79 /* CCSpriteWithHue.h */,
				1F75ED761B0C2BA90053E55B /* HappyStartCell.cpp */,
				1F75ED771B0C2BA90053E55B /* HappyStartCell.h */,
			);
			path = Cell;
			sourceTree = "<group>";
		};
		1F75ED7C1B0C620A0053E55B /* Scene */ = {
			isa = PBXGroup;
			children = (
				1FA053AF1B26870F00A771CD /* PreGameScene.cpp */,
				1FA053B01B26870F00A771CD /* PreGameScene.h */,
				1FCD4D891B21A0B70080AD15 /* StoryScene.cpp */,
				1FCD4D8A1B21A0B70080AD15 /* StoryScene.h */,
				1F72C2A11B1EA52F0030AF38 /* LevelSelectScene.cpp */,
				1F72C2A21B1EA52F0030AF38 /* LevelSelectScene.h */,
				1F95A89F1B17020200EBA3B1 /* Popup */,
				1F43732A1B0DD7C600A7FD8D /* VideoScene.cpp */,
				1F43732B1B0DD7C600A7FD8D /* VideoScene.h */,
				1F4373271B0DBB9400A7FD8D /* BaseScene.cpp */,
				1F4373281B0DBB9400A7FD8D /* BaseScene.h */,
				1F4373241B0DB90300A7FD8D /* LoadingScene.cpp */,
				1F4373251B0DB90300A7FD8D /* LoadingScene.h */,
				1F75ED7D1B0C620A0053E55B /* GameScene.cpp */,
				1F75ED7E1B0C620A0053E55B /* GameScene.h */,
				1F75ED7F1B0C620A0053E55B /* MainMenuScene.cpp */,
				1F75ED801B0C620A0053E55B /* MainMenuScene.h */,
				1F75ED811B0C620A0053E55B /* TalkScene.cpp */,
				1F75ED821B0C620A0053E55B /* TalkScene.h */,
			);
			path = Scene;
			sourceTree = "<group>";
		};
		1F95A89F1B17020200EBA3B1 /* Popup */ = {
			isa = PBXGroup;
			children = (
				1F7B26C41B202EAA00A2A691 /* OptionsPopup.cpp */,
				1F7B26C51B202EAA00A2A691 /* OptionsPopup.h */,
				1FBC29B11B1D7A1400FE1B28 /* PopupWithMask.cpp */,
				1FBC29B21B1D7A1400FE1B28 /* PopupWithMask.h */,
				1F95A8A01B17021200EBA3B1 /* FinishPopup.cpp */,
				1F95A8A11B17021200EBA3B1 /* FinishPopup.h */,
			);
			name = Popup;
			sourceTree = "<group>";
		};
		1FAE98EB1B1408190073F3C7 /* common */ = {
			isa = PBXGroup;
			children = (
				1FAE98F51B1418360073F3C7 /* StringComparator.h */,
				1FAE98EC1B1408190073F3C7 /* CommonUtils.cpp */,
				1FAE98ED1B1408190073F3C7 /* CommonUtils.h */,
			);
			path = common;
			sourceTree = "<group>";
		};
		29B97314FDCFA39411CA2CEA /* CustomTemplate */ = {
			isa = PBXGroup;
			children = (
				46880B8319C43A87006E1F66 /* Classes */,
				46880B7519C43A67006E1F66 /* Resources */,
				29B97323FDCFA39411CA2CEA /* Frameworks */,
				080E96DDFE201D6D7F000001 /* ios */,
				503AE10617EB990700D1A890 /* mac */,
				19C28FACFE9D520D11CA2CBB /* Products */,
				105E4ABAA45E806782AFDBF0 /* ios-libs */,
				F0FB405AA3CFFC2450C539B1 /* mac-libs */,
			);
			name = CustomTemplate;
			sourceTree = "<group>";
		};
		29B97323FDCFA39411CA2CEA /* Frameworks */ = {
			isa = PBXGroup;
			children = (
				1FA6F9711B16D9B7006CA13B /* SystemConfiguration.framework */,
				1FA6F96F1B16D87F006CA13B /* CFNetwork.framework */,
				1FA6F96D1B16D7A7006CA13B /* StoreKit.framework */,
				1F4373341B0DDCD100A7FD8D /* MediaPlayer.framework */,
				52B47A461A53D09B004E4C60 /* Security.framework */,
				D6B0611A1803AB670077942B /* CoreMotion.framework */,
				503AE11A17EB9C5A00D1A890 /* IOKit.framework */,
				503AE11117EB99EE00D1A890 /* libcurl.dylib */,
				5087E78A17EB975400C73F5D /* OpenGL.framework */,
				5087E78817EB974C00C73F5D /* AppKit.framework */,
				1ACB3243164770DE00914215 /* libcurl.a */,
				BF170DB412928DE900B8313A /* libz.dylib */,
				D44C620F132DFF4E0009C878 /* AudioToolbox.framework */,
				D44C620D132DFF430009C878 /* AVFoundation.framework */,
				288765A40DF7441C002DB57D /* CoreGraphics.framework */,
				1D30AB110D05D00D00671497 /* Foundation.framework */,
				D44C620B132DFF330009C878 /* OpenAL.framework */,
				BF170DB012928DE900B8313A /* OpenGLES.framework */,
				BF1C47EA1293683800B63C5D /* QuartzCore.framework */,
				1DF5F4DF0D08C38300B7A737 /* UIKit.framework */,
			);
			name = Frameworks;
			sourceTree = "<group>";
		};
		46880B7519C43A67006E1F66 /* Resources */ = {
			isa = PBXGroup;
			children = (
				0F3A4B559B3019F2C7B0E080 /* res */,
			);
			name = Resources;
			path = ../Resources;
			sourceTree = "<group>";
		};
		46880B8319C43A87006E1F66 /* Classes */ = {
			isa = PBXGroup;
			children = (
				1F02BE701B17175F00C8D936 /* CKIAPLib */,
				1FAE98EB1B1408190073F3C7 /* common */,
				1F6607201B0EC3550001E3D8 /* playmp4 */,
				1F75ED7C1B0C620A0053E55B /* Scene */,
				1F75ED751B0C2BA90053E55B /* Cell */,
				1F5CAFA31AEDE4E2000D3656 /* ScriptEngine */,
				46880B8419C43A87006E1F66 /* AppDelegate.cpp */,
				46880B8519C43A87006E1F66 /* AppDelegate.h */,
			);
			name = Classes;
			path = ../Classes;
			sourceTree = "<group>";
		};
		503AE0F517EB97AB00D1A890 /* Icons */ = {
			isa = PBXGroup;
			children = (
				503AE0F617EB97AB00D1A890 /* Icon.icns */,
				503AE0F717EB97AB00D1A890 /* Info.plist */,
			);
			name = Icons;
			path = mac;
			sourceTree = SOURCE_ROOT;
		};
		503AE10617EB990700D1A890 /* mac */ = {
			isa = PBXGroup;
			children = (
				503AE0F517EB97AB00D1A890 /* Icons */,
				503AE10317EB98FF00D1A890 /* main.cpp */,
				503AE10417EB98FF00D1A890 /* Prefix.pch */,
			);
			name = mac;
			sourceTree = "<group>";
		};
		5087E77117EB970100C73F5D /* Icons */ = {
			isa = PBXGroup;
			children = (
				521A8E6219F0C34300D177D7 /* Default-667h@2x.png */,
				521A8E6319F0C34300D177D7 /* Default-736h@3x.png */,
				5087E77217EB970100C73F5D /* Default-568h@2x.png */,
				5087E77317EB970100C73F5D /* Default.png */,
				5087E77417EB970100C73F5D /* Default@2x.png */,
				50EF62A017ECD613001EB2F8 /* Icon-29.png */,
				50EF62A117ECD613001EB2F8 /* Icon-50.png */,
				50EF629217ECD46A001EB2F8 /* Icon-40.png */,
				50EF629317ECD46A001EB2F8 /* Icon-58.png */,
				50EF629417ECD46A001EB2F8 /* Icon-80.png */,
				50EF629517ECD46A001EB2F8 /* Icon-100.png */,
				5087E77517EB970100C73F5D /* Icon-114.png */,
				5087E77617EB970100C73F5D /* Icon-120.png */,
				5087E77717EB970100C73F5D /* Icon-144.png */,
				5087E77817EB970100C73F5D /* Icon-152.png */,
				5087E77917EB970100C73F5D /* Icon-57.png */,
				5087E77A17EB970100C73F5D /* Icon-72.png */,
				5087E77B17EB970100C73F5D /* Icon-76.png */,
				5087E77C17EB970100C73F5D /* Info.plist */,
			);
			name = Icons;
			path = ios;
			sourceTree = SOURCE_ROOT;
		};
		F0FB405AA3CFFC2450C539B1 /* mac-libs */ = {
			isa = PBXGroup;
			children = (
				FAFB4B40ADC40FE64372FD4F /* libcocos2d Mac.a */,
			);
			name = "mac-libs";
			sourceTree = "<group>";
		};
/* End PBXGroup section */

/* Begin PBXNativeTarget section */
		1D6058900D05DD3D006BFB54 /* HeroTalk iOS */ = {
			isa = PBXNativeTarget;
			buildConfigurationList = 1D6058960D05DD3E006BFB54 /* Build configuration list for PBXNativeTarget "HeroTalk iOS" */;
			buildPhases = (
				1D60588D0D05DD3D006BFB54 /* Resources */,
				1D60588E0D05DD3D006BFB54 /* Sources */,
				1D60588F0D05DD3D006BFB54 /* Frameworks */,
			);
			buildRules = (
			);
			dependencies = (
			);
			name = "HeroTalk iOS";
			productName = iphone;
			productReference = 1D6058910D05DD3D006BFB54 /* HeroTalk iOS.app */;
			productType = "com.apple.product-type.application";
		};
		5087E73D17EB910900C73F5D /* HeroTalk Mac */ = {
			isa = PBXNativeTarget;
			buildConfigurationList = 5087E76C17EB910900C73F5D /* Build configuration list for PBXNativeTarget "HeroTalk Mac" */;
			buildPhases = (
				5087E74817EB910900C73F5D /* Resources */,
				5087E75617EB910900C73F5D /* Sources */,
				5087E75C17EB910900C73F5D /* Frameworks */,
			);
			buildRules = (
			);
			dependencies = (
			);
			name = "HeroTalk Mac";
			productName = iphone;
			productReference = 5087E76F17EB910900C73F5D /* HeroTalk Mac.app */;
			productType = "com.apple.product-type.application";
		};
/* End PBXNativeTarget section */

/* Begin PBXProject section */
		29B97313FDCFA39411CA2CEA /* Project object */ = {
			isa = PBXProject;
			attributes = {
				LastUpgradeCheck = 0500;
				TargetAttributes = {
					1D6058900D05DD3D006BFB54 = {
						DevelopmentTeam = MDDB52YB8L;
					};
				};
			};
			buildConfigurationList = C01FCF4E08A954540054247B /* Build configuration list for PBXProject "HeroTalk" */;
			compatibilityVersion = "Xcode 3.2";
			developmentRegion = English;
			hasScannedForEncodings = 1;
			knownRegions = (
				English,
				Japanese,
				French,
				German,
			);
			mainGroup = 29B97314FDCFA39411CA2CEA /* CustomTemplate */;
			projectDirPath = "";
			projectRoot = "";
			targets = (
				1D6058900D05DD3D006BFB54 /* HeroTalk iOS */,
				5087E73D17EB910900C73F5D /* HeroTalk Mac */,
			);
		};
/* End PBXProject section */

/* Begin PBXResourcesBuildPhase section */
		1D60588D0D05DD3D006BFB54 /* Resources */ = {
			isa = PBXResourcesBuildPhase;
			buildActionMask = 2147483647;
			files = (
				5087E78117EB970100C73F5D /* Icon-120.png in Resources */,
				5087E78617EB970100C73F5D /* Icon-76.png in Resources */,
				5087E77F17EB970100C73F5D /* Default@2x.png in Resources */,
				50EF629917ECD46A001EB2F8 /* Icon-100.png in Resources */,
				5087E78317EB970100C73F5D /* Icon-152.png in Resources */,
				5087E77D17EB970100C73F5D /* Default-568h@2x.png in Resources */,
				5087E78517EB970100C73F5D /* Icon-72.png in Resources */,
				521A8E6519F0C34300D177D7 /* Default-736h@3x.png in Resources */,
				50EF62A317ECD613001EB2F8 /* Icon-50.png in Resources */,
				5087E78017EB970100C73F5D /* Icon-114.png in Resources */,
				50EF62A217ECD613001EB2F8 /* Icon-29.png in Resources */,
				50EF629617ECD46A001EB2F8 /* Icon-40.png in Resources */,
				5087E78217EB970100C73F5D /* Icon-144.png in Resources */,
				50EF629817ECD46A001EB2F8 /* Icon-80.png in Resources */,
				5087E78417EB970100C73F5D /* Icon-57.png in Resources */,
				5087E77E17EB970100C73F5D /* Default.png in Resources */,
				521A8E6419F0C34300D177D7 /* Default-667h@2x.png in Resources */,
				50EF629717ECD46A001EB2F8 /* Icon-58.png in Resources */,
				6F184B438EFB81222AF34B2C /* res in Resources */,
			);
			runOnlyForDeploymentPostprocessing = 0;
		};
		5087E74817EB910900C73F5D /* Resources */ = {
			isa = PBXResourcesBuildPhase;
			buildActionMask = 2147483647;
			files = (
				503AE0F817EB97AB00D1A890 /* Icon.icns in Resources */,
				3F0F4FE7BFD23C718A7344DE /* res in Resources */,
			);
			runOnlyForDeploymentPostprocessing = 0;
		};
/* End PBXResourcesBuildPhase section */

/* Begin PBXSourcesBuildPhase section */
		1D60588E0D05DD3D006BFB54 /* Sources */ = {
			isa = PBXSourcesBuildPhase;
			buildActionMask = 2147483647;
			files = (
				46880B8819C43A87006E1F66 /* AppDelegate.cpp in Sources */,
				1F75ED781B0C2BA90053E55B /* HappyStartCell.cpp in Sources */,
				1F43732C1B0DD7C600A7FD8D /* VideoScene.cpp in Sources */,
				1F7B26C61B202EAA00A2A691 /* OptionsPopup.cpp in Sources */,
				1F4373261B0DB90300A7FD8D /* LoadingScene.cpp in Sources */,
				1FF29B0F1B1848E60017AA79 /* CCSpriteWithHue.cpp in Sources */,
				1F66072E1B0EC3550001E3D8 /* README.md in Sources */,
				1F66072B1B0EC3550001E3D8 /* LHVideoPlayer.mm in Sources */,
				1F5CAFB21AEDE577000D3656 /* ScriptLoader.cpp in Sources */,
				1F5CAFA91AEDE515000D3656 /* Curtain.cpp in Sources */,
				503AE10017EB989F00D1A890 /* AppController.mm in Sources */,
				1F5CAFA61AEDE503000D3656 /* Drama.cpp in Sources */,
				1F72C2A01B1E9E1E0030AF38 /* LevelNode.cpp in Sources */,
				1F4373291B0DBB9400A7FD8D /* BaseScene.cpp in Sources */,
				1F75ED831B0C620A0053E55B /* GameScene.cpp in Sources */,
				503AE10217EB989F00D1A890 /* RootViewController.mm in Sources */,
				1F72C2A31B1EA52F0030AF38 /* LevelSelectScene.cpp in Sources */,
				1F66072D1B0EC3550001E3D8 /* LHVideoPlayerImplCpp.mm in Sources */,
				1F5CAFBB1AEDE75F000D3656 /* Plot.cpp in Sources */,
				503AE10117EB989F00D1A890 /* main.m in Sources */,
				1FA2D6321AF0D7DB0093B18F /* StageManager.cpp in Sources */,
				1F5CAFAC1AEDE527000D3656 /* Paragraph.cpp in Sources */,
				1F66072C1B0EC3550001E3D8 /* LHVideoPlayerImpl.m in Sources */,
				1F5CAFAF1AEDE534000D3656 /* CharacterAction.cpp in Sources */,
				1F75ED841B0C620A0053E55B /* MainMenuScene.cpp in Sources */,
				1FA6F96B1B16D79E006CA13B /* CKIAPManager.mm in Sources */,
				1FCD4D8B1B21A0B70080AD15 /* StoryScene.cpp in Sources */,
				1F5CAFB51AEDE596000D3656 /* DramaDirector.cpp in Sources */,
				1F5CAFB81AEDE740000D3656 /* Character.cpp in Sources */,
				1FA6F96C1B16D79E006CA13B /* Reachability.m in Sources */,
				1F66072A1B0EC3550001E3D8 /* LHVideoOverlayView.m in Sources */,
				1FAE98EE1B1408190073F3C7 /* CommonUtils.cpp in Sources */,
				1F75ED851B0C620A0053E55B /* TalkScene.cpp in Sources */,
				1FA053B11B26870F00A771CD /* PreGameScene.cpp in Sources */,
				1F95B5931AF1D3E700E39A91 /* LoudSpeaker.cpp in Sources */,
				1FBC29B31B1D7A1400FE1B28 /* PopupWithMask.cpp in Sources */,
				1F95A8A21B17021200EBA3B1 /* FinishPopup.cpp in Sources */,
			);
			runOnlyForDeploymentPostprocessing = 0;
		};
		5087E75617EB910900C73F5D /* Sources */ = {
			isa = PBXSourcesBuildPhase;
			buildActionMask = 2147483647;
			files = (
				46880B8919C43A87006E1F66 /* AppDelegate.cpp in Sources */,
				503AE10517EB98FF00D1A890 /* main.cpp in Sources */,
			);
			runOnlyForDeploymentPostprocessing = 0;
		};
/* End PBXSourcesBuildPhase section */

/* Begin XCBuildConfiguration section */
		1D6058940D05DD3E006BFB54 /* Debug */ = {
			isa = XCBuildConfiguration;
			buildSettings = {
				ALWAYS_SEARCH_USER_PATHS = YES;
				CODE_SIGN_IDENTITY = "iPhone Developer: ceshithree chukong (H7T4Z77YHW)";
				COMPRESS_PNG_FILES = NO;
				GCC_DYNAMIC_NO_PIC = NO;
				GCC_INLINES_ARE_PRIVATE_EXTERN = NO;
				GCC_PRECOMPILE_PREFIX_HEADER = YES;
				GCC_PREFIX_HEADER = ios/Prefix.pch;
				GCC_PREPROCESSOR_DEFINITIONS = (
					USE_FILE32API,
					CC_TARGET_OS_IPHONE,
					"COCOS2D_DEBUG=1",
					"CC_ENABLE_CHIPMUNK_INTEGRATION=1",
				);
				GCC_SYMBOLS_PRIVATE_EXTERN = NO;
				HEADER_SEARCH_PATHS = (
					"$(inherited)",
					"/Applications/Cocos/frameworks/cocos2d-x-3.4/cocos/platform/ios",
					"/Applications/Cocos/frameworks/cocos2d-x-3.4/cocos/platform/ios/Simulation",
				);
				INFOPLIST_FILE = ios/Info.plist;
				IPHONEOS_DEPLOYMENT_TARGET = 5.0;
				LIBRARY_SEARCH_PATHS = " /Applications/Cocos/frameworks/cocos2d-x-3.4/prebuilt/ios";
				OTHER_LDFLAGS = (
					"$(_COCOS_LIB_IOS_BEGIN)",
					"$(_COCOS_LIB_IOS_END)",
				);
				PROVISIONING_PROFILE = "58090c60-44b0-4661-923c-72e0ba35dfbc";
				SDKROOT = iphoneos;
				TARGETED_DEVICE_FAMILY = "1,2";
				USER_HEADER_SEARCH_PATHS = "$(_COCOS_HEADER_IOS_BEGIN) $(_COCOS_HEADER_IOS_END)";
				VALID_ARCHS = "arm64 armv7";
			};
			name = Debug;
		};
		1D6058950D05DD3E006BFB54 /* Release */ = {
			isa = XCBuildConfiguration;
			buildSettings = {
				ALWAYS_SEARCH_USER_PATHS = YES;
				CODE_SIGN_IDENTITY = "iPhone Developer: ceshithree chukong (H7T4Z77YHW)";
				COMPRESS_PNG_FILES = NO;
				GCC_INLINES_ARE_PRIVATE_EXTERN = NO;
				GCC_PRECOMPILE_PREFIX_HEADER = YES;
				GCC_PREFIX_HEADER = ios/Prefix.pch;
				GCC_PREPROCESSOR_DEFINITIONS = (
					USE_FILE32API,
					CC_TARGET_OS_IPHONE,
					"CC_ENABLE_CHIPMUNK_INTEGRATION=1",
				);
				GCC_SYMBOLS_PRIVATE_EXTERN = NO;
				HEADER_SEARCH_PATHS = (
					"$(inherited)",
					"/Applications/Cocos/frameworks/cocos2d-x-3.4/cocos/platform/ios",
					"/Applications/Cocos/frameworks/cocos2d-x-3.4/cocos/platform/ios/Simulation",
				);
				INFOPLIST_FILE = ios/Info.plist;
				IPHONEOS_DEPLOYMENT_TARGET = 5.0;
				LIBRARY_SEARCH_PATHS = " /Applications/Cocos/frameworks/cocos2d-x-3.4/prebuilt/ios";
				OTHER_LDFLAGS = (
					"$(_COCOS_LIB_IOS_BEGIN)",
					"$(_COCOS_LIB_IOS_END)",
				);
				PROVISIONING_PROFILE = "58090c60-44b0-4661-923c-72e0ba35dfbc";
				SDKROOT = iphoneos;
				TARGETED_DEVICE_FAMILY = "1,2";
				USER_HEADER_SEARCH_PATHS = "$(_COCOS_HEADER_IOS_BEGIN) $(_COCOS_HEADER_IOS_END)";
				VALID_ARCHS = "arm64 armv7";
			};
			name = Release;
		};
		5087E76D17EB910900C73F5D /* Debug */ = {
			isa = XCBuildConfiguration;
			buildSettings = {
				ALWAYS_SEARCH_USER_PATHS = YES;
				ARCHS = "$(ARCHS_STANDARD_64_BIT)";
				CLANG_CXX_LANGUAGE_STANDARD = "c++0x";
				CLANG_CXX_LIBRARY = "libc++";
				GCC_DYNAMIC_NO_PIC = NO;
				GCC_INLINES_ARE_PRIVATE_EXTERN = NO;
				GCC_PRECOMPILE_PREFIX_HEADER = YES;
				GCC_PREFIX_HEADER = mac/Prefix.pch;
				GCC_PREPROCESSOR_DEFINITIONS = (
					USE_FILE32API,
					CC_TARGET_OS_MAC,
					"COCOS2D_DEBUG=1",
					"CC_ENABLE_CHIPMUNK_INTEGRATION=1",
				);
				GCC_SYMBOLS_PRIVATE_EXTERN = NO;
				HEADER_SEARCH_PATHS = (
					"$(inherited)",
					"/Applications/Cocos/frameworks/cocos2d-x-3.4/cocos/platform/mac",
					"/Applications/Cocos/frameworks/cocos2d-x-3.4/external/glfw3/include/mac",
				);
				INFOPLIST_FILE = mac/Info.plist;
				LIBRARY_SEARCH_PATHS = " /Applications/Cocos/frameworks/cocos2d-x-3.4/prebuilt/mac";
				OTHER_LDFLAGS = (
					"$(_COCOS_LIB_MAC_BEGIN)",
					"$(_COCOS_LIB_MAC_END)",
				);
				USER_HEADER_SEARCH_PATHS = "$(_COCOS_HEADER_MAC_BEGIN) $(_COCOS_HEADER_MAC_END)";
			};
			name = Debug;
		};
		5087E76E17EB910900C73F5D /* Release */ = {
			isa = XCBuildConfiguration;
			buildSettings = {
				ALWAYS_SEARCH_USER_PATHS = YES;
				ARCHS = "$(ARCHS_STANDARD_64_BIT)";
				CLANG_CXX_LANGUAGE_STANDARD = "c++0x";
				CLANG_CXX_LIBRARY = "libc++";
				GCC_INLINES_ARE_PRIVATE_EXTERN = NO;
				GCC_PRECOMPILE_PREFIX_HEADER = YES;
				GCC_PREFIX_HEADER = mac/Prefix.pch;
				GCC_PREPROCESSOR_DEFINITIONS = (
					USE_FILE32API,
					CC_TARGET_OS_MAC,
					"CC_ENABLE_CHIPMUNK_INTEGRATION=1",
				);
				GCC_SYMBOLS_PRIVATE_EXTERN = NO;
				HEADER_SEARCH_PATHS = (
					"$(inherited)",
					"/Applications/Cocos/frameworks/cocos2d-x-3.4/cocos/platform/mac",
					"/Applications/Cocos/frameworks/cocos2d-x-3.4/external/glfw3/include/mac",
				);
				INFOPLIST_FILE = mac/Info.plist;
				LIBRARY_SEARCH_PATHS = " /Applications/Cocos/frameworks/cocos2d-x-3.4/prebuilt/mac";
				OTHER_LDFLAGS = (
					"$(_COCOS_LIB_MAC_BEGIN)",
					"$(_COCOS_LIB_MAC_END)",
				);
				USER_HEADER_SEARCH_PATHS = "$(_COCOS_HEADER_MAC_BEGIN) $(_COCOS_HEADER_MAC_END)";
			};
			name = Release;
		};
		C01FCF4F08A954540054247B /* Debug */ = {
			isa = XCBuildConfiguration;
			buildSettings = {
				CLANG_CXX_LANGUAGE_STANDARD = "c++0x";
				CLANG_CXX_LIBRARY = "libc++";
				COPY_PHASE_STRIP = NO;
				GCC_OPTIMIZATION_LEVEL = 0;
				GCC_WARN_ABOUT_RETURN_TYPE = YES;
				GCC_WARN_UNUSED_VARIABLE = YES;
				HEADER_SEARCH_PATHS = (
					"/Applications/Cocos/frameworks/cocos2d-x-3.4",
					"/Applications/Cocos/frameworks/cocos2d-x-3.4/cocos",
					"/Applications/Cocos/frameworks/cocos2d-x-3.4/cocos/base",
					"/Applications/Cocos/frameworks/cocos2d-x-3.4/cocos/physics",
					"/Applications/Cocos/frameworks/cocos2d-x-3.4/cocos/math",
					"/Applications/Cocos/frameworks/cocos2d-x-3.4/cocos/2d",
					"/Applications/Cocos/frameworks/cocos2d-x-3.4/cocos/ui",
					"/Applications/Cocos/frameworks/cocos2d-x-3.4/cocos/network",
					"/Applications/Cocos/frameworks/cocos2d-x-3.4/cocos/audio/include",
					"/Applications/Cocos/frameworks/cocos2d-x-3.4/cocos/editor-support",
					"/Applications/Cocos/frameworks/cocos2d-x-3.4/extensions",
					"/Applications/Cocos/frameworks/cocos2d-x-3.4/external",
					"/Applications/Cocos/frameworks/cocos2d-x-3.4/external/chipmunk/include/chipmunk",
				);
				MACOSX_DEPLOYMENT_TARGET = 10.7;
				ONLY_ACTIVE_ARCH = YES;
				PRODUCT_NAME = "$(TARGET_NAME)";
				SDKROOT = macosx;
			};
			name = Debug;
		};
		C01FCF5008A954540054247B /* Release */ = {
			isa = XCBuildConfiguration;
			buildSettings = {
				CLANG_CXX_LANGUAGE_STANDARD = "c++0x";
				CLANG_CXX_LIBRARY = "libc++";
				GCC_WARN_ABOUT_RETURN_TYPE = YES;
				GCC_WARN_UNUSED_VARIABLE = YES;
				HEADER_SEARCH_PATHS = (
					"/Applications/Cocos/frameworks/cocos2d-x-3.4",
					"/Applications/Cocos/frameworks/cocos2d-x-3.4/cocos",
					"/Applications/Cocos/frameworks/cocos2d-x-3.4/cocos/base",
					"/Applications/Cocos/frameworks/cocos2d-x-3.4/cocos/physics",
					"/Applications/Cocos/frameworks/cocos2d-x-3.4/cocos/math",
					"/Applications/Cocos/frameworks/cocos2d-x-3.4/cocos/2d",
					"/Applications/Cocos/frameworks/cocos2d-x-3.4/cocos/ui",
					"/Applications/Cocos/frameworks/cocos2d-x-3.4/cocos/network",
					"/Applications/Cocos/frameworks/cocos2d-x-3.4/cocos/audio/include",
					"/Applications/Cocos/frameworks/cocos2d-x-3.4/cocos/editor-support",
					"/Applications/Cocos/frameworks/cocos2d-x-3.4/extensions",
					"/Applications/Cocos/frameworks/cocos2d-x-3.4/external",
					"/Applications/Cocos/frameworks/cocos2d-x-3.4/external/chipmunk/include/chipmunk",
				);
				MACOSX_DEPLOYMENT_TARGET = 10.7;
				OTHER_CFLAGS = "-DNS_BLOCK_ASSERTIONS=1";
				PRODUCT_NAME = "$(TARGET_NAME)";
				SDKROOT = macosx;
				VALIDATE_PRODUCT = YES;
			};
			name = Release;
		};
/* End XCBuildConfiguration section */

/* Begin XCConfigurationList section */
		1D6058960D05DD3E006BFB54 /* Build configuration list for PBXNativeTarget "HeroTalk iOS" */ = {
			isa = XCConfigurationList;
			buildConfigurations = (
				1D6058940D05DD3E006BFB54 /* Debug */,
				1D6058950D05DD3E006BFB54 /* Release */,
			);
			defaultConfigurationIsVisible = 0;
			defaultConfigurationName = Debug;
		};
		5087E76C17EB910900C73F5D /* Build configuration list for PBXNativeTarget "HeroTalk Mac" */ = {
			isa = XCConfigurationList;
			buildConfigurations = (
				5087E76D17EB910900C73F5D /* Debug */,
				5087E76E17EB910900C73F5D /* Release */,
			);
			defaultConfigurationIsVisible = 0;
			defaultConfigurationName = Debug;
		};
		C01FCF4E08A954540054247B /* Build configuration list for PBXProject "HeroTalk" */ = {
			isa = XCConfigurationList;
			buildConfigurations = (
				C01FCF4F08A954540054247B /* Debug */,
				C01FCF5008A954540054247B /* Release */,
			);
			defaultConfigurationIsVisible = 0;
			defaultConfigurationName = Debug;
		};
/* End XCConfigurationList section */
	};
	rootObject = 29B97313FDCFA39411CA2CEA /* Project object */;
}
